
Microsoft Visual Studio Solution File, Format Version 12.00
# Visual Studio Version 17
VisualStudioVersion = 17.7.34031.279
MinimumVisualStudioVersion = 10.0.40219.1
Project("{8BC9CEB8-8B4A-11D0-8D11-00A0C91BC942}") = "ColorfulTone", "ColorfulTone\ColorfulTone.vcxproj", "{BC87828F-65DA-4F1A-AC7D-C0D2E6B53742}"
EndProject
Global
	GlobalSection(SolutionConfigurationPlatforms) = preSolution
		Debug|x64 = Debug|x64
		Release|x64 = Release|x64
	EndGlobalSection
	GlobalSection(ProjectConfigurationPlatforms) = postSolution
		{BC87828F-65DA-4F1A-AC7D-C0D2E6B53742}.Debug|x64.ActiveCfg = Debug|x64
		{BC87828F-65DA-4F1A-AC7D-C0D2E6B53742}.Debug|x64.Build.0 = Debug|x64
		{BC87828F-65DA-4F1A-AC7D-C0D2E6B53742}.Release|x64.ActiveCfg = Release|x64
		{BC87828F-65DA-4F1A-AC7D-C0D2E6B53742}.Release|x64.Build.0 = Release|x64
	EndGlobalSection
	GlobalSection(SolutionProperties) = preSolution
		HideSolutionNode = FALSE
	EndGlobalSection
	GlobalSection(ExtensibilityGlobals) = postSolution
		SolutionGuid = {ED4C16F3-35E4-46A3-ABEB-614AD105263F}
	EndGlobalSection
EndGlobal
