<?xml version="1.0" encoding="utf-8"?>
<Project ToolsVersion="4.0" xmlns="http://schemas.microsoft.com/developer/msbuild/2003">
  <ItemGroup>
    <Filter Include="Scene">
      <UniqueIdentifier>{222da09a-a285-4134-95cc-6b7866d63031}</UniqueIdentifier>
    </Filter>
    <Filter Include="MusicGame">
      <UniqueIdentifier>{46bd7c5d-3392-46cb-825a-13b835c0320e}</UniqueIdentifier>
    </Filter>
    <Filter Include="MusicGame\Object">
      <UniqueIdentifier>{26f6387d-03ac-4971-9394-113adefb3040}</UniqueIdentifier>
    </Filter>
    <Filter Include="MusicGame\Object\Bar">
      <UniqueIdentifier>{18d7dec6-ed52-4ce7-9430-1608347a602f}</UniqueIdentifier>
    </Filter>
    <Filter Include="MusicGame\Object\BPMChange">
      <UniqueIdentifier>{1b0a6759-0421-458e-a492-a48ab656e844}</UniqueIdentifier>
    </Filter>
    <Filter Include="MusicGame\Object\Stop">
      <UniqueIdentifier>{833ac719-00dc-4e6d-aef7-90be60b69f83}</UniqueIdentifier>
    </Filter>
    <Filter Include="Scene\Fade">
      <UniqueIdentifier>{3dec36a5-c9af-4079-84db-69dea1d4c09a}</UniqueIdentifier>
    </Filter>
    <Filter Include="Scene\FileLoad">
      <UniqueIdentifier>{e67e19ee-ed90-4496-a0df-08729c34ef8d}</UniqueIdentifier>
    </Filter>
    <Filter Include="util">
      <UniqueIdentifier>{a3eb29ee-32f4-403c-aab9-fcc4f8989c3c}</UniqueIdentifier>
    </Filter>
    <Filter Include="util\Font">
      <UniqueIdentifier>{84d98160-b2a4-4eb8-9740-c2cf2a6f4b4f}</UniqueIdentifier>
    </Filter>
    <Filter Include="Game">
      <UniqueIdentifier>{bc2af2e4-aab2-4e14-8e1d-e0b00f593928}</UniqueIdentifier>
    </Filter>
    <Filter Include="util\VideoAsset">
      <UniqueIdentifier>{fa7fa334-bac7-48e2-8aa5-b003ce2aab04}</UniqueIdentifier>
    </Filter>
    <Filter Include="Effect">
      <UniqueIdentifier>{eda33932-d5fa-4b45-bf2e-80ce4e06ff42}</UniqueIdentifier>
    </Filter>
    <Filter Include="Scene\Tutorial">
      <UniqueIdentifier>{801a46a9-f581-4d0d-9093-45c782451b2c}</UniqueIdentifier>
    </Filter>
    <Filter Include="Scene\Main">
      <UniqueIdentifier>{cc080dbd-33e9-4a10-bda8-d999cc13dd38}</UniqueIdentifier>
    </Filter>
    <Filter Include="MusicGame\Object\Text">
      <UniqueIdentifier>{cb30d588-83f4-4679-9d05-b167dd341762}</UniqueIdentifier>
    </Filter>
    <Filter Include="MusicGame\Object\Note">
      <UniqueIdentifier>{69255348-67b2-407c-a74f-a7df712934b7}</UniqueIdentifier>
    </Filter>
    <Filter Include="MusicGame\Object\LongNotes">
      <UniqueIdentifier>{83e7df01-0d87-4f48-8e9f-ba79d0c2c326}</UniqueIdentifier>
    </Filter>
    <Filter Include="MusicGame\Object\RepeatNotes">
      <UniqueIdentifier>{6e9aff96-795b-426d-963a-71d338ee29a9}</UniqueIdentifier>
    </Filter>
    <Filter Include="MusicGame\Judge">
      <UniqueIdentifier>{8ebd51e2-b7d6-48d7-8d07-ad1ea80ffedb}</UniqueIdentifier>
    </Filter>
    <Filter Include="MusicGame\HighSpeed">
      <UniqueIdentifier>{778f56b0-7d1c-4096-adae-00985d182231}</UniqueIdentifier>
    </Filter>
    <Filter Include="util\SerialImage">
      <UniqueIdentifier>{b2bba271-d261-443b-8ea0-20475a7f7fcc}</UniqueIdentifier>
    </Filter>
    <Filter Include="Scene\Preview">
      <UniqueIdentifier>{86163b66-9087-4b15-8d4a-97ba9189b6bd}</UniqueIdentifier>
    </Filter>
    <Filter Include="MusicGame\Data">
      <UniqueIdentifier>{c1f7a847-6927-4330-bd65-6196174b0b30}</UniqueIdentifier>
    </Filter>
    <Filter Include="MusicGame\Data\MusicData">
      <UniqueIdentifier>{e1840cc5-3948-45eb-8614-2c2428bfe3fd}</UniqueIdentifier>
    </Filter>
    <Filter Include="MusicGame\Data\NotesData">
      <UniqueIdentifier>{8d8d4781-61a6-4a5a-8392-4c1320ac5fc5}</UniqueIdentifier>
    </Filter>
    <Filter Include="MusicGame\Data\GenreManager">
      <UniqueIdentifier>{3cb1777d-e09d-4f9f-ba48-bf2ad7b26514}</UniqueIdentifier>
    </Filter>
    <Filter Include="MusicGame\Anime">
      <UniqueIdentifier>{c3d5cd37-c40e-4003-91bc-345cea881e11}</UniqueIdentifier>
    </Filter>
    <Filter Include="MusicGame\Play">
      <UniqueIdentifier>{5c3a7212-038e-4a24-a415-f26ab5740c0a}</UniqueIdentifier>
    </Filter>
    <Filter Include="Scene\CorseScene">
      <UniqueIdentifier>{804f026c-c682-4f03-8905-b460d8d51c02}</UniqueIdentifier>
    </Filter>
    <Filter Include="MusicGame\Data\CourseData">
      <UniqueIdentifier>{93832dc4-bc6a-4b89-bb27-2096d0aaff7d}</UniqueIdentifier>
    </Filter>
    <Filter Include="MusicGame\PlayStyle">
      <UniqueIdentifier>{a6ba7873-e668-40c2-9ae4-583af7d7bead}</UniqueIdentifier>
    </Filter>
    <Filter Include="MusicGame\PlayStyle\Normal">
      <UniqueIdentifier>{d26adbd7-adb8-4b34-92a2-da7247acdd97}</UniqueIdentifier>
    </Filter>
    <Filter Include="MusicGame\PlayStyle\Portrait">
      <UniqueIdentifier>{51e31a8c-83be-4676-8e2f-289d6d918302}</UniqueIdentifier>
    </Filter>
    <Filter Include="MusicGame\Data\CourseGenre">
      <UniqueIdentifier>{a6d5dd39-5935-47b4-939e-8c3bac5102b2}</UniqueIdentifier>
    </Filter>
    <Filter Include="Scene\KeyConfig">
      <UniqueIdentifier>{fe796e6c-5cf4-4b89-9374-7aa115921b03}</UniqueIdentifier>
    </Filter>
    <Filter Include="Scene\MusicSelect">
      <UniqueIdentifier>{9c955e18-cb02-45e4-aa2f-2bc41ee24ba0}</UniqueIdentifier>
    </Filter>
    <Filter Include="Scene\Result">
      <UniqueIdentifier>{05efdc26-2fd0-4479-ac36-ee4d834d1613}</UniqueIdentifier>
    </Filter>
    <Filter Include="util\GIF">
      <UniqueIdentifier>{020dd04a-a110-41c0-9860-34a5987a0231}</UniqueIdentifier>
    </Filter>
    <Filter Include="MusicGame\Data\MusicData\Score">
      <UniqueIdentifier>{0448d3bd-b7d2-401d-abe5-d59bdcfde9ea}</UniqueIdentifier>
    </Filter>
    <Filter Include="MusicGame\AutoPlay">
      <UniqueIdentifier>{c75d002a-030e-4591-8c61-396a26ea1d8d}</UniqueIdentifier>
    </Filter>
    <Filter Include="Scene\Title">
      <UniqueIdentifier>{0fdd42bc-a80d-4b3d-aaf1-882624d377f4}</UniqueIdentifier>
    </Filter>
    <Filter Include="Scene\NewFilter1">
      <UniqueIdentifier>{32a4ed58-07de-468a-9e1b-37a07f20088a}</UniqueIdentifier>
    </Filter>
  </ItemGroup>
  <ItemGroup>
    <ClCompile Include="$(MSBuildThisFileDirectory)Bar.cpp">
      <Filter>MusicGame\Object\Bar</Filter>
    </ClCompile>
    <ClCompile Include="$(MSBuildThisFileDirectory)Fade.cpp">
      <Filter>Scene\Fade</Filter>
    </ClCompile>
    <ClCompile Include="$(MSBuildThisFileDirectory)FileLoad.cpp">
      <Filter>Scene\FileLoad</Filter>
    </ClCompile>
    <ClCompile Include="$(MSBuildThisFileDirectory)FontKinetic.cpp">
      <Filter>util\Font</Filter>
    </ClCompile>
    <ClCompile Include="$(MSBuildThisFileDirectory)GIFTexture.cpp">
      <Filter>util\GIF</Filter>
    </ClCompile>
    <ClCompile Include="$(MSBuildThisFileDirectory)Game.cpp">
      <Filter>Game</Filter>
    </ClCompile>
    <ClCompile Include="$(MSBuildThisFileDirectory)GenreManager.cpp">
      <Filter>MusicGame\Data\GenreManager</Filter>
    </ClCompile>
    <ClCompile Include="$(MSBuildThisFileDirectory)VideoAsset.cpp">
      <Filter>util\VideoAsset</Filter>
    </ClCompile>
    <ClCompile Include="$(MSBuildThisFileDirectory)KeyConfigScene.cpp">
      <Filter>Scene\KeyConfig</Filter>
    </ClCompile>
    <ClCompile Include="$(MSBuildThisFileDirectory)TitleScene.cpp">
      <Filter>Scene\Title</Filter>
    </ClCompile>
    <ClCompile Include="$(MSBuildThisFileDirectory)Tutorial.cpp">
      <Filter>Scene\Tutorial</Filter>
    </ClCompile>
    <ClCompile Include="$(MSBuildThisFileDirectory)MusicData.cpp">
      <Filter>MusicGame\Data\MusicData</Filter>
    </ClCompile>
    <ClCompile Include="$(MSBuildThisFileDirectory)eJudge.cpp">
      <Filter>MusicGame\Judge</Filter>
    </ClCompile>
    <ClCompile Include="$(MSBuildThisFileDirectory)GameConfig.cpp">
      <Filter>Game</Filter>
    </ClCompile>
    <ClCompile Include="$(MSBuildThisFileDirectory)HighSpeedDemo.cpp">
      <Filter>MusicGame\HighSpeed</Filter>
    </ClCompile>
    <ClCompile Include="$(MSBuildThisFileDirectory)Note.cpp">
      <Filter>MusicGame\Object\Note</Filter>
    </ClCompile>
    <ClCompile Include="$(MSBuildThisFileDirectory)LongNote.cpp">
      <Filter>MusicGame\Object\LongNotes</Filter>
    </ClCompile>
    <ClCompile Include="$(MSBuildThisFileDirectory)PlayKey.cpp">
      <Filter>Game</Filter>
    </ClCompile>
    <ClCompile Include="$(MSBuildThisFileDirectory)SerialImage.cpp">
      <Filter>util\SerialImage</Filter>
    </ClCompile>
    <ClCompile Include="$(MSBuildThisFileDirectory)Preview.cpp">
      <Filter>Scene\Preview</Filter>
    </ClCompile>
    <ClCompile Include="$(MSBuildThisFileDirectory)NotesData.cpp">
      <Filter>MusicGame\Data\NotesData</Filter>
    </ClCompile>
    <ClCompile Include="$(MSBuildThisFileDirectory)ResultRank.cpp">
      <Filter>MusicGame\Data\MusicData\Score</Filter>
    </ClCompile>
    <ClCompile Include="$(MSBuildThisFileDirectory)RepeatNote.cpp">
      <Filter>MusicGame\Object\RepeatNotes</Filter>
    </ClCompile>
    <ClCompile Include="$(MSBuildThisFileDirectory)TextObject.cpp">
      <Filter>MusicGame\Object\Text</Filter>
    </ClCompile>
    <ClCompile Include="$(MSBuildThisFileDirectory)StartAnime.cpp">
      <Filter>MusicGame\Anime</Filter>
    </ClCompile>
    <ClCompile Include="$(MSBuildThisFileDirectory)PlayMusicGame.cpp">
      <Filter>MusicGame\Play</Filter>
    </ClCompile>
    <ClCompile Include="$(MSBuildThisFileDirectory)CourseScene.cpp">
      <Filter>Scene\CorseScene</Filter>
    </ClCompile>
    <ClCompile Include="$(MSBuildThisFileDirectory)CoursePlay.cpp">
      <Filter>Scene\CorseScene</Filter>
    </ClCompile>
    <ClCompile Include="$(MSBuildThisFileDirectory)CourseData.cpp">
      <Filter>MusicGame\Data\CourseData</Filter>
    </ClCompile>
    <ClCompile Include="$(MSBuildThisFileDirectory)KeyConfig.cpp">
      <Filter>Scene\KeyConfig</Filter>
    </ClCompile>
    <ClCompile Include="$(MSBuildThisFileDirectory)Object.cpp">
      <Filter>MusicGame\Object</Filter>
    </ClCompile>
    <ClCompile Include="$(MSBuildThisFileDirectory)ResultTweet.cpp">
      <Filter>Scene\Result</Filter>
    </ClCompile>
    <ClCompile Include="$(MSBuildThisFileDirectory)AudioSpectrum.cpp">
      <Filter>util</Filter>
    </ClCompile>
    <ClCompile Include="$(MSBuildThisFileDirectory)AppBase.cpp">
      <Filter>Game</Filter>
    </ClCompile>
    <ClCompile Include="$(MSBuildThisFileDirectory)NormalStyle.cpp">
      <Filter>MusicGame\PlayStyle\Normal</Filter>
    </ClCompile>
    <ClCompile Include="$(MSBuildThisFileDirectory)Portrait.cpp">
      <Filter>MusicGame\PlayStyle\Portrait</Filter>
    </ClCompile>
    <ClCompile Include="$(MSBuildThisFileDirectory)CostumFolder.cpp">
      <Filter>MusicGame\Data\GenreManager</Filter>
    </ClCompile>
    <ClCompile Include="$(MSBuildThisFileDirectory)FileLoadView.cpp">
      <Filter>Scene\FileLoad</Filter>
    </ClCompile>
    <ClCompile Include="$(MSBuildThisFileDirectory)Score.cpp">
      <Filter>MusicGame\Data\MusicData\Score</Filter>
    </ClCompile>
    <ClCompile Include="$(MSBuildThisFileDirectory)Util.cpp">
      <Filter>util</Filter>
    </ClCompile>
    <ClCompile Include="$(MSBuildThisFileDirectory)MusicSelect.cpp">
      <Filter>Scene\MusicSelect</Filter>
    </ClCompile>
    <ClCompile Include="$(MSBuildThisFileDirectory)MusicSelectView.cpp">
      <Filter>Scene\MusicSelect</Filter>
    </ClCompile>
    <ClCompile Include="$(MSBuildThisFileDirectory)MainScene.cpp">
      <Filter>Scene\Main</Filter>
    </ClCompile>
    <ClCompile Include="$(MSBuildThisFileDirectory)SharedDraw.cpp" />
    <ClCompile Include="$(MSBuildThisFileDirectory)Audition.cpp">
      <Filter>Scene\MusicSelect</Filter>
    </ClCompile>
    <ClCompile Include="$(MSBuildThisFileDirectory)CTCFReader.cpp">
      <Filter>MusicGame\Data\GenreManager</Filter>
    </ClCompile>
    <ClCompile Include="$(MSBuildThisFileDirectory)PlayStyle.cpp">
      <Filter>MusicGame\PlayStyle</Filter>
    </ClCompile>
    <ClCompile Include="$(MSBuildThisFileDirectory)APAnime.cpp">
      <Filter>MusicGame\Anime</Filter>
    </ClCompile>
    <ClCompile Include="$(MSBuildThisFileDirectory)AutoPlayManager.cpp">
      <Filter>MusicGame\AutoPlay</Filter>
    </ClCompile>
    <ClCompile Include="C:\Users\mahou.fall708\Documents\Visual Studio 2015\Projects\ColorfulTone\System\OResultScene.cpp">
      <Filter>Scene\Result</Filter>
    </ClCompile>
    <ClCompile Include="$(MSBuildThisFileDirectory)ResultScene.cpp">
      <Filter>Scene\Result</Filter>
    </ClCompile>
    <ClCompile Include="$(MSBuildThisFileDirectory)ResultSceneView.cpp">
      <Filter>Scene\Result</Filter>
    </ClCompile>
    <ClCompile Include="$(MSBuildThisFileDirectory)PlayBG.cpp">
      <Filter>MusicGame\Play</Filter>
    </ClCompile>
  </ItemGroup>
  <ItemGroup>
    <ClInclude Include="$(MSBuildThisFileDirectory)Bar.h">
      <Filter>MusicGame\Object\Bar</Filter>
    </ClInclude>
    <ClInclude Include="$(MSBuildThisFileDirectory)BPMChanger.h">
      <Filter>MusicGame\Object\BPMChange</Filter>
    </ClInclude>
    <ClInclude Include="$(MSBuildThisFileDirectory)Fade.h">
      <Filter>Scene\Fade</Filter>
    </ClInclude>
    <ClInclude Include="$(MSBuildThisFileDirectory)FontKinetic.h">
      <Filter>util\Font</Filter>
    </ClInclude>
    <ClInclude Include="$(MSBuildThisFileDirectory)GIFTexture.h">
      <Filter>util\GIF</Filter>
    </ClInclude>
    <ClInclude Include="$(MSBuildThisFileDirectory)Game.h">
      <Filter>Game</Filter>
    </ClInclude>
    <ClInclude Include="$(MSBuildThisFileDirectory)GenreManager.h">
      <Filter>MusicGame\Data\GenreManager</Filter>
    </ClInclude>
    <ClInclude Include="$(MSBuildThisFileDirectory)VideoAsset.h">
      <Filter>util\VideoAsset</Filter>
    </ClInclude>
    <ClInclude Include="$(MSBuildThisFileDirectory)GenreData.h">
      <Filter>MusicGame\Data\GenreManager</Filter>
    </ClInclude>
    <ClInclude Include="$(MSBuildThisFileDirectory)JudgeEffect.h">
      <Filter>Effect</Filter>
    </ClInclude>
    <ClInclude Include="$(MSBuildThisFileDirectory)KeyConfigScene.h">
      <Filter>Scene\KeyConfig</Filter>
    </ClInclude>
    <ClInclude Include="$(MSBuildThisFileDirectory)TitleScene.h">
      <Filter>Scene\Title</Filter>
    </ClInclude>
    <ClInclude Include="$(MSBuildThisFileDirectory)Tutorial.h">
      <Filter>Scene\Tutorial</Filter>
    </ClInclude>
    <ClInclude Include="$(MSBuildThisFileDirectory)MainScene.h">
      <Filter>Scene\Main</Filter>
    </ClInclude>
    <ClInclude Include="$(MSBuildThisFileDirectory)MusicData.h">
      <Filter>MusicGame\Data\MusicData</Filter>
    </ClInclude>
    <ClInclude Include="$(MSBuildThisFileDirectory)eJudge.h">
      <Filter>MusicGame\Judge</Filter>
    </ClInclude>
    <ClInclude Include="$(MSBuildThisFileDirectory)GameConfig.h">
      <Filter>Game</Filter>
    </ClInclude>
    <ClInclude Include="$(MSBuildThisFileDirectory)HighSpeedDemo.h">
      <Filter>MusicGame\HighSpeed</Filter>
    </ClInclude>
    <ClInclude Include="$(MSBuildThisFileDirectory)Note.h">
      <Filter>MusicGame\Object\Note</Filter>
    </ClInclude>
    <ClInclude Include="$(MSBuildThisFileDirectory)LongNote.h">
      <Filter>MusicGame\Object\LongNotes</Filter>
    </ClInclude>
    <ClInclude Include="$(MSBuildThisFileDirectory)MahouSoundBeat.h">
      <Filter>MusicGame</Filter>
    </ClInclude>
    <ClInclude Include="$(MSBuildThisFileDirectory)PlayKey.h">
      <Filter>Game</Filter>
    </ClInclude>
    <ClInclude Include="$(MSBuildThisFileDirectory)ResultEffect.h">
      <Filter>Effect</Filter>
    </ClInclude>
    <ClInclude Include="$(MSBuildThisFileDirectory)SerialImage.h">
      <Filter>util\SerialImage</Filter>
    </ClInclude>
    <ClInclude Include="$(MSBuildThisFileDirectory)Preview.h">
      <Filter>Scene\Preview</Filter>
    </ClInclude>
    <ClInclude Include="$(MSBuildThisFileDirectory)Object.h">
      <Filter>MusicGame\Object</Filter>
    </ClInclude>
    <ClInclude Include="$(MSBuildThisFileDirectory)NotesData.h">
      <Filter>MusicGame\Data\NotesData</Filter>
    </ClInclude>
    <ClInclude Include="$(MSBuildThisFileDirectory)ResultRank.h">
      <Filter>MusicGame\Data\MusicData\Score</Filter>
    </ClInclude>
    <ClInclude Include="$(MSBuildThisFileDirectory)Score.h">
      <Filter>MusicGame\Data\MusicData\Score</Filter>
    </ClInclude>
    <ClInclude Include="$(MSBuildThisFileDirectory)RepeatNote.h">
      <Filter>MusicGame\Object\RepeatNotes</Filter>
    </ClInclude>
    <ClInclude Include="$(MSBuildThisFileDirectory)Stop.h">
      <Filter>MusicGame\Object\Stop</Filter>
    </ClInclude>
    <ClInclude Include="$(MSBuildThisFileDirectory)TextObject.h">
      <Filter>MusicGame\Object\Text</Filter>
    </ClInclude>
    <ClInclude Include="$(MSBuildThisFileDirectory)TapEffect.h">
      <Filter>Effect</Filter>
    </ClInclude>
    <ClInclude Include="$(MSBuildThisFileDirectory)SceneInfo.h">
      <Filter>Scene</Filter>
    </ClInclude>
    <ClInclude Include="$(MSBuildThisFileDirectory)Singleton.h">
      <Filter>util</Filter>
    </ClInclude>
    <ClInclude Include="$(MSBuildThisFileDirectory)StartAnime.h">
      <Filter>MusicGame\Anime</Filter>
    </ClInclude>
    <ClInclude Include="$(MSBuildThisFileDirectory)PlayMusicGame.h">
      <Filter>MusicGame\Play</Filter>
    </ClInclude>
    <ClInclude Include="$(MSBuildThisFileDirectory)CourseScene.h">
      <Filter>Scene\CorseScene</Filter>
    </ClInclude>
    <ClInclude Include="$(MSBuildThisFileDirectory)CoursePlay.h">
      <Filter>Scene\CorseScene</Filter>
    </ClInclude>
    <ClInclude Include="$(MSBuildThisFileDirectory)CourseData.h">
      <Filter>MusicGame\Data\CourseData</Filter>
    </ClInclude>
    <ClInclude Include="$(MSBuildThisFileDirectory)KeyConfig.h">
      <Filter>Scene\KeyConfig</Filter>
    </ClInclude>
    <ClInclude Include="$(MSBuildThisFileDirectory)ResultTweet.h">
      <Filter>Scene\Result</Filter>
    </ClInclude>
    <ClInclude Include="$(MSBuildThisFileDirectory)AudioSpectrum.h">
      <Filter>util</Filter>
    </ClInclude>
    <ClInclude Include="$(MSBuildThisFileDirectory)AppBase.h">
      <Filter>Game</Filter>
    </ClInclude>
    <ClInclude Include="$(MSBuildThisFileDirectory)Util.h">
      <Filter>util</Filter>
    </ClInclude>
    <ClInclude Include="$(MSBuildThisFileDirectory)SoundManager.h">
      <Filter>util</Filter>
    </ClInclude>
    <ClInclude Include="$(MSBuildThisFileDirectory)Config.h">
      <Filter>Scene\KeyConfig</Filter>
    </ClInclude>
    <ClInclude Include="$(MSBuildThisFileDirectory)PlayBG.h">
      <Filter>MusicGame\Play</Filter>
    </ClInclude>
    <ClInclude Include="$(MSBuildThisFileDirectory)IPlayStyle.h">
      <Filter>MusicGame\PlayStyle</Filter>
    </ClInclude>
    <ClInclude Include="$(MSBuildThisFileDirectory)NormalStyle.h">
      <Filter>MusicGame\PlayStyle\Normal</Filter>
    </ClInclude>
    <ClInclude Include="$(MSBuildThisFileDirectory)Portrait.h">
      <Filter>MusicGame\PlayStyle\Portrait</Filter>
    </ClInclude>
    <ClInclude Include="$(MSBuildThisFileDirectory)PlayStyle.h">
      <Filter>MusicGame\PlayStyle</Filter>
    </ClInclude>
    <ClInclude Include="$(MSBuildThisFileDirectory)Setting.hpp" />
    <ClInclude Include="$(MSBuildThisFileDirectory)CourseGenre.hpp">
      <Filter>MusicGame\Data\CourseGenre</Filter>
    </ClInclude>
    <ClInclude Include="$(MSBuildThisFileDirectory)CostumFolder.hpp">
      <Filter>MusicGame\Data\GenreManager</Filter>
    </ClInclude>
    <ClInclude Include="$(MSBuildThisFileDirectory)MultiThread.hpp">
      <Filter>Game</Filter>
    </ClInclude>
    <ClInclude Include="$(MSBuildThisFileDirectory)TypeTraits.hpp">
      <Filter>util</Filter>
    </ClInclude>
    <ClInclude Include="$(MSBuildThisFileDirectory)FileLoad.h">
      <Filter>Scene\FileLoad</Filter>
    </ClInclude>
    <ClInclude Include="$(MSBuildThisFileDirectory)MusicSelect.hpp">
      <Filter>Scene\MusicSelect</Filter>
    </ClInclude>
    <ClInclude Include="$(MSBuildThisFileDirectory)MusicSelectView.hpp">
      <Filter>Scene\MusicSelect</Filter>
    </ClInclude>
    <ClInclude Include="$(MSBuildThisFileDirectory)SharedDraw.hpp" />
    <ClInclude Include="$(MSBuildThisFileDirectory)BGLight.hpp">
      <Filter>Effect</Filter>
    </ClInclude>
    <ClInclude Include="$(MSBuildThisFileDirectory)Audition.hpp">
      <Filter>Scene\MusicSelect</Filter>
    </ClInclude>
    <ClInclude Include="$(MSBuildThisFileDirectory)AutoPlayManager.h">
      <Filter>MusicGame\AutoPlay</Filter>
    </ClInclude>
    <ClInclude Include="$(MSBuildThisFileDirectory)APAnime.hpp">
      <Filter>MusicGame\Anime</Filter>
    </ClInclude>
    <ClInclude Include="$(MSBuildThisFileDirectory)Useful.hpp" />
    <ClInclude Include="$(MSBuildThisFileDirectory)CTCFReader.hpp">
      <Filter>MusicGame\Data\GenreManager</Filter>
    </ClInclude>
    <ClInclude Include="$(MSBuildThisFileDirectory)ISceneBase.hpp">
      <Filter>Scene</Filter>
    </ClInclude>
    <ClInclude Include="$(MSBuildThisFileDirectory)FileLoadView.hpp">
      <Filter>Scene\FileLoad</Filter>
    </ClInclude>
    <ClInclude Include="C:\Users\mahou.fall708\Documents\Visual Studio 2015\Projects\ColorfulTone\System\OResultScene.h">
      <Filter>Scene\Result</Filter>
    </ClInclude>
    <ClInclude Include="$(MSBuildThisFileDirectory)ResultScene.hpp">
      <Filter>Scene\Result</Filter>
    </ClInclude>
    <ClInclude Include="$(MSBuildThisFileDirectory)ResultSceneView.hpp">
      <Filter>Scene\Result</Filter>
    </ClInclude>
  </ItemGroup>
</Project>